// !$*UTF8*$!
{
	archiveVersion = 1;
	classes = {
	};
	objectVersion = 48;
	objects = {

/* Begin PBXBuildFile section */
		798CDDE91FF34FDB00F128EB /* AppDelegate.swift in Sources */ = {isa = PBXBuildFile; fileRef = 798CDDE81FF34FDB00F128EB /* AppDelegate.swift */; };
		798CDDEB1FF34FDB00F128EB /* ViewController.swift in Sources */ = {isa = PBXBuildFile; fileRef = 798CDDEA1FF34FDB00F128EB /* ViewController.swift */; };
		798CDDEE1FF34FDB00F128EB /* Main.storyboard in Resources */ = {isa = PBXBuildFile; fileRef = 798CDDEC1FF34FDB00F128EB /* Main.storyboard */; };
		798CDDF01FF34FDB00F128EB /* Assets.xcassets in Resources */ = {isa = PBXBuildFile; fileRef = 798CDDEF1FF34FDB00F128EB /* Assets.xcassets */; };
		798CDDF31FF34FDB00F128EB /* LaunchScreen.storyboard in Resources */ = {isa = PBXBuildFile; fileRef = 798CDDF11FF34FDB00F128EB /* LaunchScreen.storyboard */; };
		798CDDFB1FF350EC00F128EB /* LoginViewController.swift in Sources */ = {isa = PBXBuildFile; fileRef = 798CDDFA1FF350EC00F128EB /* LoginViewController.swift */; };
		798CDDFD1FF3512300F128EB /* LoginStatus.swift in Sources */ = {isa = PBXBuildFile; fileRef = 798CDDFC1FF3512300F128EB /* LoginStatus.swift */; };
/* End PBXBuildFile section */

/* Begin PBXFileReference section */
		798CDDE51FF34FDB00F128EB /* PasswordAutoFill.app */ = {isa = PBXFileReference; explicitFileType = wrapper.application; includeInIndex = 0; path = PasswordAutoFill.app; sourceTree = BUILT_PRODUCTS_DIR; };
		798CDDE81FF34FDB00F128EB /* AppDelegate.swift */ = {isa = PBXFileReference; lastKnownFileType = sourcecode.swift; path = AppDelegate.swift; sourceTree = "<group>"; };
		798CDDEA1FF34FDB00F128EB /* ViewController.swift */ = {isa = PBXFileReference; lastKnownFileType = sourcecode.swift; path = ViewController.swift; sourceTree = "<group>"; };
		798CDDED1FF34FDB00F128EB /* Base */ = {isa = PBXFileReference; lastKnownFileType = file.storyboard; name = Base; path = Base.lproj/Main.storyboard; sourceTree = "<group>"; };
		798CDDEF1FF34FDB00F128EB /* Assets.xcassets */ = {isa = PBXFileReference; lastKnownFileType = folder.assetcatalog; path = Assets.xcassets; sourceTree = "<group>"; };
		798CDDF21FF34FDB00F128EB /* Base */ = {isa = PBXFileReference; lastKnownFileType = file.storyboard; name = Base; path = Base.lproj/LaunchScreen.storyboard; sourceTree = "<group>"; };
		798CDDF41FF34FDB00F128EB /* Info.plist */ = {isa = PBXFileReference; lastKnownFileType = text.plist.xml; path = Info.plist; sourceTree = "<group>"; };
		798CDDFA1FF350EC00F128EB /* LoginViewController.swift */ = {isa = PBXFileReference; lastKnownFileType = sourcecode.swift; path = LoginViewController.swift; sourceTree = "<group>"; };
		798CDDFC1FF3512300F128EB /* LoginStatus.swift */ = {isa = PBXFileReference; lastKnownFileType = sourcecode.swift; path = LoginStatus.swift; sourceTree = "<group>"; };
/* End PBXFileReference section */

/* Begin PBXFrameworksBuildPhase section */
		798CDDE21FF34FDB00F128EB /* Frameworks */ = {
			isa = PBXFrameworksBuildPhase;
			buildActionMask = 2147483647;
			files = (
			);
			runOnlyForDeploymentPostprocessing = 0;
		};
/* End PBXFrameworksBuildPhase section */

/* Begin PBXGroup section */
		798CDDDC1FF34FDB00F128EB = {
			isa = PBXGroup;
			children = (
				798CDDE71FF34FDB00F128EB /* PasswordAutoFill */,
				798CDDE61FF34FDB00F128EB /* Products */,
			);
			sourceTree = "<group>";
		};
		798CDDE61FF34FDB00F128EB /* Products */ = {
			isa = PBXGroup;
			children = (
				798CDDE51FF34FDB00F128EB /* PasswordAutoFill.app */,
			);
			name = Products;
			sourceTree = "<group>";
		};
		798CDDE71FF34FDB00F128EB /* PasswordAutoFill */ = {
			isa = PBXGroup;
			children = (
				798CDDE81FF34FDB00F128EB /* AppDelegate.swift */,
				798CDE001FF3514500F128EB /* Data */,
				798CDDFE1FF3513300F128EB /* ViewControllers */,
				798CDDFF1FF3513D00F128EB /* Storyboards */,
				798CDDEF1FF34FDB00F128EB /* Assets.xcassets */,
				798CDDF41FF34FDB00F128EB /* Info.plist */,
			);
			path = PasswordAutoFill;
			sourceTree = "<group>";
		};
		798CDDFE1FF3513300F128EB /* ViewControllers */ = {
			isa = PBXGroup;
			children = (
				798CDDEA1FF34FDB00F128EB /* ViewController.swift */,
				798CDDFA1FF350EC00F128EB /* LoginViewController.swift */,
			);
			path = ViewControllers;
			sourceTree = "<group>";
		};
		798CDDFF1FF3513D00F128EB /* Storyboards */ = {
			isa = PBXGroup;
			children = (
				798CDDEC1FF34FDB00F128EB /* Main.storyboard */,
				798CDDF11FF34FDB00F128EB /* LaunchScreen.storyboard */,
			);
			path = Storyboards;
			sourceTree = "<group>";
		};
		798CDE001FF3514500F128EB /* Data */ = {
			isa = PBXGroup;
			children = (
				798CDDFC1FF3512300F128EB /* LoginStatus.swift */,
			);
			path = Data;
			sourceTree = "<group>";
		};
/* End PBXGroup section */

/* Begin PBXNativeTarget section */
		798CDDE41FF34FDB00F128EB /* PasswordAutoFill */ = {
			isa = PBXNativeTarget;
			buildConfigurationList = 798CDDF71FF34FDB00F128EB /* Build configuration list for PBXNativeTarget "PasswordAutoFill" */;
			buildPhases = (
				798CDDE11FF34FDB00F128EB /* Sources */,
				798CDDE21FF34FDB00F128EB /* Frameworks */,
				798CDDE31FF34FDB00F128EB /* Resources */,
			);
			buildRules = (
			);
			dependencies = (
			);
			name = PasswordAutoFill;
			productName = PasswordAutoFill;
			productReference = 798CDDE51FF34FDB00F128EB /* PasswordAutoFill.app */;
			productType = "com.apple.product-type.application";
		};
/* End PBXNativeTarget section */

/* Begin PBXProject section */
		798CDDDD1FF34FDB00F128EB /* Project object */ = {
			isa = PBXProject;
			attributes = {
				LastSwiftUpdateCheck = 0920;
				LastUpgradeCheck = 0920;
				ORGANIZATIONNAME = "Quoc Nguyen";
				TargetAttributes = {
					798CDDE41FF34FDB00F128EB = {
						CreatedOnToolsVersion = 9.2;
						ProvisioningStyle = Automatic;
					};
				};
			};
			buildConfigurationList = 798CDDE01FF34FDB00F128EB /* Build configuration list for PBXProject "PasswordAutoFill" */;
			compatibilityVersion = "Xcode 8.0";
			developmentRegion = en;
			hasScannedForEncodings = 0;
			knownRegions = (
				en,
				Base,
			);
			mainGroup = 798CDDDC1FF34FDB00F128EB;
			productRefGroup = 798CDDE61FF34FDB00F128EB /* Products */;
			projectDirPath = "";
			projectRoot = "";
			targets = (
				798CDDE41FF34FDB00F128EB /* PasswordAutoFill */,
			);
		};
/* End PBXProject section */

/* Begin PBXResourcesBuildPhase section */
		798CDDE31FF34FDB00F128EB /* Resources */ = {
			isa = PBXResourcesBuildPhase;
			buildActionMask = 2147483647;
			files = (
				798CDDF31FF34FDB00F128EB /* LaunchScreen.storyboard in Resources */,
				798CDDF01FF34FDB00F128EB /* Assets.xcassets in Resources */,
				798CDDEE1FF34FDB00F128EB /* Main.storyboard in Resources */,
			);
			runOnlyForDeploymentPostprocessing = 0;
		};
/* End PBXResourcesBuildPhase section */

/* Begin PBXSourcesBuildPhase section */
		798CDDE11FF34FDB00F128EB /* Sources */ = {
			isa = PBXSourcesBuildPhase;
			buildActionMask = 2147483647;
			files = (
				798CDDFB1FF350EC00F128EB /* LoginViewController.swift in Sources */,
				798CDDFD1FF3512300F128EB /* LoginStatus.swift in Sources */,
				798CDDEB1FF34FDB00F128EB /* ViewController.swift in Sources */,
				798CDDE91FF34FDB00F128EB /* AppDelegate.swift in Sources */,
			);
			runOnlyForDeploymentPostprocessing = 0;
		};
/* End PBXSourcesBuildPhase section */

/* Begin PBXVariantGroup section */
		798CDDEC1FF34FDB00F128EB /* Main.storyboard */ = {
			isa = PBXVariantGroup;
			children = (
				798CDDED1FF34FDB00F128EB /* Base */,
			);
			name = Main.storyboard;
			sourceTree = "<group>";
		};
		798CDDF11FF34FDB00F128EB /* LaunchScreen.storyboard */ = {
			isa = PBXVariantGroup;
			children = (
				798CDDF21FF34FDB00F128EB /* Base */,
			);
			name = LaunchScreen.storyboard;
			sourceTree = "<group>";
		};
/* End PBXVariantGroup section */

/* Begin XCBuildConfiguration section */
		798CDDF51FF34FDB00F128EB /* Debug */ = {
			isa = XCBuildConfiguration;
			buildSettings = {
				ALWAYS_SEARCH_USER_PATHS = NO;
				CLANG_ANALYZER_NONNULL = YES;
				CLANG_ANALYZER_NUMBER_OBJECT_CONVERSION = YES_AGGRESSIVE;
				CLANG_CXX_LANGUAGE_STANDARD = "gnu++14";
				CLANG_CXX_LIBRARY = "libc++";
				CLANG_ENABLE_MODULES = YES;
				CLANG_ENABLE_OBJC_ARC = YES;
				CLANG_WARN_BLOCK_CAPTURE_AUTORELEASING = YES;
				CLANG_WARN_BOOL_CONVERSION = YES;
				CLANG_WARN_COMMA = YES;
				CLANG_WARN_CONSTANT_CONVERSION = YES;
				CLANG_WARN_DIRECT_OBJC_ISA_USAGE = YES_ERROR;
				CLANG_WARN_DOCUMENTATION_COMMENTS = YES;
				CLANG_WARN_EMPTY_BODY = YES;
				CLANG_WARN_ENUM_CONVERSION = YES;
				CLANG_WARN_INFINITE_RECURSION = YES;
				CLANG_WARN_INT_CONVERSION = YES;
				CLANG_WARN_NON_LITERAL_NULL_CONVERSION = YES;
				CLANG_WARN_OBJC_LITERAL_CONVERSION = YES;
				CLANG_WARN_OBJC_ROOT_CLASS = YES_ERROR;
				CLANG_WARN_RANGE_LOOP_ANALYSIS = YES;
				CLANG_WARN_STRICT_PROTOTYPES = YES;
				CLANG_WARN_SUSPICIOUS_MOVE = YES;
				CLANG_WARN_UNGUARDED_AVAILABILITY = YES_AGGRESSIVE;
				CLANG_WARN_UNREACHABLE_CODE = YES;
				CLANG_WARN__DUPLICATE_METHOD_MATCH = YES;
				CODE_SIGN_IDENTITY = "iPhone Developer";
				COPY_PHASE_STRIP = NO;
				DEBUG_INFORMATION_FORMAT = dwarf;
				ENABLE_STRICT_OBJC_MSGSEND = YES;
				ENABLE_TESTABILITY = YES;
				GCC_C_LANGUAGE_STANDARD = gnu11;
				GCC_DYNAMIC_NO_PIC = NO;
				GCC_NO_COMMON_BLOCKS = YES;
				GCC_OPTIMIZATION_LEVEL = 0;
				GCC_PREPROCESSOR_DEFINITIONS = (
					"DEBUG=1",
					"$(inherited)",
				);
				GCC_WARN_64_TO_32_BIT_CONVERSION = YES;
				GCC_WARN_ABOUT_RETURN_TYPE = YES_ERROR;
				GCC_WARN_UNDECLARED_SELECTOR = YES;
				GCC_WARN_UNINITIALIZED_AUTOS = YES_AGGRESSIVE;
				GCC_WARN_UNUSED_FUNCTION = YES;
				GCC_WARN_UNUSED_VARIABLE = YES;
				IPHONEOS_DEPLOYMENT_TARGET = 11.2;
				MTL_ENABLE_DEBUG_INFO = YES;
				ONLY_ACTIVE_ARCH = YES;
				SDKROOT = iphoneos;
				SWIFT_ACTIVE_COMPILATION_CONDITIONS = DEBUG;
				SWIFT_OPTIMIZATION_LEVEL = "-Onone";
			};
			name = Debug;
		};
		798CDDF61FF34FDB00F128EB /* Release */ = {
			isa = XCBuildConfiguration;
			buildSettings = {
				ALWAYS_SEARCH_USER_PATHS = NO;
				CLANG_ANALYZER_NONNULL = YES;
				CLANG_ANALYZER_NUMBER_OBJECT_CONVERSION = YES_AGGRESSIVE;
				CLANG_CXX_LANGUAGE_STANDARD = "gnu++14";
				CLANG_CXX_LIBRARY = "libc++";
				CLANG_ENABLE_MODULES = YES;
				CLANG_ENABLE_OBJC_ARC = YES;
				CLANG_WARN_BLOCK_CAPTURE_AUTORELEASING = YES;
				CLANG_WARN_BOOL_CONVERSION = YES;
				CLANG_WARN_COMMA = YES;
				CLANG_WARN_CONSTANT_CONVERSION = YES;
				CLANG_WARN_DIRECT_OBJC_ISA_USAGE = YES_ERROR;
				CLANG_WARN_DOCUMENTATION_COMMENTS = YES;
				CLANG_WARN_EMPTY_BODY = YES;
				CLANG_WARN_ENUM_CONVERSION = YES;
				CLANG_WARN_INFINITE_RECURSION = YES;
				CLANG_WARN_INT_CONVERSION = YES;
				CLANG_WARN_NON_LITERAL_NULL_CONVERSION = YES;
				CLANG_WARN_OBJC_LITERAL_CONVERSION = YES;
				CLANG_WARN_OBJC_ROOT_CLASS = YES_ERROR;
				CLANG_WARN_RANGE_LOOP_ANALYSIS = YES;
				CLANG_WARN_STRICT_PROTOTYPES = YES;
				CLANG_WARN_SUSPICIOUS_MOVE = YES;
				CLANG_WARN_UNGUARDED_AVAILABILITY = YES_AGGRESSIVE;
				CLANG_WARN_UNREACHABLE_CODE = YES;
				CLANG_WARN__DUPLICATE_METHOD_MATCH = YES;
				CODE_SIGN_IDENTITY = "iPhone Developer";
				COPY_PHASE_STRIP = NO;
				DEBUG_INFORMATION_FORMAT = "dwarf-with-dsym";
				ENABLE_NS_ASSERTIONS = NO;
				ENABLE_STRICT_OBJC_MSGSEND = YES;
				GCC_C_LANGUAGE_STANDARD = gnu11;
				GCC_NO_COMMON_BLOCKS = YES;
				GCC_WARN_64_TO_32_BIT_CONVERSION = YES;
				GCC_WARN_ABOUT_RETURN_TYPE = YES_ERROR;
				GCC_WARN_UNDECLARED_SELECTOR = YES;
				GCC_WARN_UNINITIALIZED_AUTOS = YES_AGGRESSIVE;
				GCC_WARN_UNUSED_FUNCTION = YES;
				GCC_WARN_UNUSED_VARIABLE = YES;
				IPHONEOS_DEPLOYMENT_TARGET = 11.2;
				MTL_ENABLE_DEBUG_INFO = NO;
				SDKROOT = iphoneos;
				SWIFT_OPTIMIZATION_LEVEL = "-Owholemodule";
				VALIDATE_PRODUCT = YES;
			};
			name = Release;
		};
		798CDDF81FF34FDB00F128EB /* Debug */ = {
			isa = XCBuildConfiguration;
			buildSettings = {
				ASSETCATALOG_COMPILER_APPICON_NAME = AppIcon;
				CODE_SIGN_STYLE = Automatic;
				INFOPLIST_FILE = PasswordAutoFill/Info.plist;
				IPHONEOS_DEPLOYMENT_TARGET = 11.0;
				LD_RUNPATH_SEARCH_PATHS = "$(inherited) @executable_path/Frameworks";
				PRODUCT_BUNDLE_IDENTIFIER = com.quocnb.PasswordAutoFill;
				PRODUCT_NAME = "$(TARGET_NAME)";
				SWIFT_VERSION = 4.0;
				TARGETED_DEVICE_FAMILY = 1;
			};
			name = Debug;
		};
		798CDDF91FF34FDB00F128EB /* Release */ = {
			isa = XCBuildConfiguration;
			buildSettings = {
				ASSETCATALOG_COMPILER_APPICON_NAME = AppIcon;
				CODE_SIGN_STYLE = Automatic;
				INFOPLIST_FILE = PasswordAutoFill/Info.plist;
				IPHONEOS_DEPLOYMENT_TARGET = 11.0;
				LD_RUNPATH_SEARCH_PATHS = "$(inherited) @executable_path/Frameworks";
				PRODUCT_BUNDLE_IDENTIFIER = com.quocnb.PasswordAutoFill;
				PRODUCT_NAME = "$(TARGET_NAME)";
				SWIFT_VERSION = 4.0;
				TARGETED_DEVICE_FAMILY = 1;
			};
			name = Release;
		};
/* End XCBuildConfiguration section */

/* Begin XCConfigurationList section */
		798CDDE01FF34FDB00F128EB /* Build configuration list for PBXProject "PasswordAutoFill" */ = {
			isa = XCConfigurationList;
			buildConfigurations = (
				798CDDF51FF34FDB00F128EB /* Debug */,
				798CDDF61FF34FDB00F128EB /* Release */,
			);
			defaultConfigurationIsVisible = 0;
			defaultConfigurationName = Release;
		};
		798CDDF71FF34FDB00F128EB /* Build configuration list for PBXNativeTarget "PasswordAutoFill" */ = {
			isa = XCConfigurationList;
			buildConfigurations = (
				798CDDF81FF34FDB00F128EB /* Debug */,
				798CDDF91FF34FDB00F128EB /* Release */,
			);
			defaultConfigurationIsVisible = 0;
			defaultConfigurationName = Release;
		};
/* End XCConfigurationList section */
	};
	rootObject = 798CDDDD1FF34FDB00F128EB /* Project object */;
}
